{
  "name": "mern-shop",
  "version": "1.0.0",
  "lockfileVersion": 3,
  "requires": true,
  "packages": {
    "": {
      "name": "mern-shop",
      "version": "1.0.0",
      "license": "MIT",
      "workspaces": [
        "client",
        "server",
        "shared"
      ],
      "devDependencies": {
        "prettier": "^3.3.3"
      },
      "engines": {
        "node": ">=20.11.0",
        "npm": ">=10.0.0"
      }
    },
    "client": {
      "name": "@mern-shop/client",
      "version": "1.0.0"
    },
    "node_modules/@mern-shop/client": {
      "resolved": "client",
      "link": true
    },
    "node_modules/@mern-shop/server": {
      "resolved": "server",
      "link": true
    },
    "node_modules/@mern-shop/shared": {
      "resolved": "shared",
      "link": true
    },
    "node_modules/prettier": {
      "version": "3.9.9",
      "resolved": "https://registry.npmjs.org/prettier/-/prettier-3.9.9.tgz",
      "integrity": "sha512-Z/CJHIkdujO/OtN7nXUii0Rf3VT5SRuhjBA82Xvu2XhBUgX3nhP67T0LHceBdQLex7OOFGTox+Q5Yg8Jk2Qivg==",
      "dev": true,
      "license": "MIT",
      "bin": {
        "prettier": "bin/prettier.cjs"
      },
      "engines": {
        "node": ">=14"
      },
      "funding": {
        "url": "https://github.com/prettier/prettier?sponsor=1"
      }
    },
    "server": {
      "name": "@mern-shop/server",
      "version": "1.0.0"
    },
    "shared": {
      "name": "@mern-shop/shared",
      "version": "1.0.0"
    }
  }
}
